
Microsoft Visual Studio Solution File, Format Version 12.00
# Visual Studio Version 16
VisualStudioVersion = 16.0.31205.134
MinimumVisualStudioVersion = 10.0.40219.1
Project("{FAE04EC0-301F-11D3-BF4B-00C04F79EFBC}") = "hesong.lib.Log", "hesong.lib.Log.csproj", "{87B12392-DF10-40B8-A414-3669CCD99E4F}"
EndProject
Global
	GlobalSection(SolutionConfigurationPlatforms) = preSolution
		Debug|Any CPU = Debug|Any CPU
		Release|Any CPU = Release|Any CPU
	EndGlobalSection
	GlobalSection(ProjectConfigurationPlatforms) = postSolution
		{87B12392-DF10-40B8-A414-3669CCD99E4F}.Debug|Any CPU.ActiveCfg = Debug|Any CPU
		{87B12392-DF10-40B8-A414-3669CCD99E4F}.Debug|Any CPU.Build.0 = Debug|Any CPU
		{87B12392-DF10-40B8-A414-3669CCD99E4F}.Release|Any CPU.ActiveCfg = Release|Any CPU
		{87B12392-DF10-40B8-A414-3669CCD99E4F}.Release|Any CPU.Build.0 = Release|Any CPU
	EndGlobalSection
	GlobalSection(SolutionProperties) = preSolution
		HideSolutionNode = FALSE
	EndGlobalSection
	GlobalSection(ExtensibilityGlobals) = postSolution
		SolutionGuid = {02F129BC-002B-4809-BCD4-FF131F38C225}
	EndGlobalSection
EndGlobal
